{"1.2.0",
[{<<"jiffy">>,{pkg,<<"jiffy">>,<<"1.0.8">>},0},
 {<<"jsx">>,{pkg,<<"jsx">>,<<"3.0.0">>},0}]}.
[
{pkg_hash,[
 {<<"jiffy">>, <<"60E36F00BE35E5AC6E6CF2D4CAF3BDF3103D4460AFF385F543A8D7DF2D6D9613">>},
 {<<"jsx">>, <<"20A170ABD4335FC6DB24D5FAD1E5D677C55DADF83D1B20A8A33B5FE159892A39">>}]},
{pkg_hash_ext,[
 {<<"jiffy">>, <<"F9AE986BA5A0854EB48CF6A76192D9367086DA86C20197DA430630BE7C087A4E">>},
 {<<"jsx">>, <<"37BECA0435F5CA8A2F45F76A46211E76418FBEF80C36F0361C249FC75059DC6D">>}]}
].
